// !$*UTF8*$!
{
	archiveVersion = 1;
	classes = {
	};
	objectVersion = 55;
	objects = {

/* Begin PBXBuildFile section */
		BF02C45027770738006006A2 /* Game.swift in Sources */ = {isa = PBXBuildFile; fileRef = BF02C44F27770738006006A2 /* Game.swift */; };
		BF02C4582777117A006006A2 /* BullseyeTests.swift in Sources */ = {isa = PBXBuildFile; fileRef = BF02C4572777117A006006A2 /* BullseyeTests.swift */; };
		BF0C99A0277C7F9A002F2D07 /* PointsView.swift in Sources */ = {isa = PBXBuildFile; fileRef = BF0C999F277C7F9A002F2D07 /* PointsView.swift */; };
		BF36E243276CDC470020050F /* BullseyeApp.swift in Sources */ = {isa = PBXBuildFile; fileRef = BF36E242276CDC470020050F /* BullseyeApp.swift */; };
		BF36E245276CDC470020050F /* ContentView.swift in Sources */ = {isa = PBXBuildFile; fileRef = BF36E244276CDC470020050F /* ContentView.swift */; };
		BF36E247276CDC480020050F /* Assets.xcassets in Resources */ = {isa = PBXBuildFile; fileRef = BF36E246276CDC480020050F /* Assets.xcassets */; };
		BF36E24A276CDC480020050F /* Preview Assets.xcassets in Resources */ = {isa = PBXBuildFile; fileRef = BF36E249276CDC480020050F /* Preview Assets.xcassets */; };
		BF59D625277DC6E00094DF04 /* Constants.swift in Sources */ = {isa = PBXBuildFile; fileRef = BF59D624277DC6E00094DF04 /* Constants.swift */; };
		BF59D627277DFCC60094DF04 /* LeaderboardView.swift in Sources */ = {isa = PBXBuildFile; fileRef = BF59D626277DFCC60094DF04 /* LeaderboardView.swift */; };
		BFD476EF2779A5CD0013BAB1 /* Shapes.swift in Sources */ = {isa = PBXBuildFile; fileRef = BFD476EE2779A5CD0013BAB1 /* Shapes.swift */; };
		BFD476F12779CAAC0013BAB1 /* RoundViews.swift in Sources */ = {isa = PBXBuildFile; fileRef = BFD476F02779CAAC0013BAB1 /* RoundViews.swift */; };
		BFD476F32779D2570013BAB1 /* BackgroundViews.swift in Sources */ = {isa = PBXBuildFile; fileRef = BFD476F22779D2570013BAB1 /* BackgroundViews.swift */; };
		BFDFC02527781DEC00498BBF /* TextViews.swift in Sources */ = {isa = PBXBuildFile; fileRef = BFDFC02427781DEC00498BBF /* TextViews.swift */; };
/* End PBXBuildFile section */

/* Begin PBXContainerItemProxy section */
		BF02C4592777117A006006A2 /* PBXContainerItemProxy */ = {
			isa = PBXContainerItemProxy;
			containerPortal = BF36E237276CDC470020050F /* Project object */;
			proxyType = 1;
			remoteGlobalIDString = BF36E23E276CDC470020050F;
			remoteInfo = Bullseye;
		};
/* End PBXContainerItemProxy section */

/* Begin PBXFileReference section */
		BF02C44F27770738006006A2 /* Game.swift */ = {isa = PBXFileReference; lastKnownFileType = sourcecode.swift; path = Game.swift; sourceTree = "<group>"; };
		BF02C4552777117A006006A2 /* BullseyeTests.xctest */ = {isa = PBXFileReference; explicitFileType = wrapper.cfbundle; includeInIndex = 0; path = BullseyeTests.xctest; sourceTree = BUILT_PRODUCTS_DIR; };
		BF02C4572777117A006006A2 /* BullseyeTests.swift */ = {isa = PBXFileReference; lastKnownFileType = sourcecode.swift; path = BullseyeTests.swift; sourceTree = "<group>"; };
		BF0C999F277C7F9A002F2D07 /* PointsView.swift */ = {isa = PBXFileReference; lastKnownFileType = sourcecode.swift; path = PointsView.swift; sourceTree = "<group>"; };
		BF36E23F276CDC470020050F /* Bullseye.app */ = {isa = PBXFileReference; explicitFileType = wrapper.application; includeInIndex = 0; path = Bullseye.app; sourceTree = BUILT_PRODUCTS_DIR; };
		BF36E242276CDC470020050F /* BullseyeApp.swift */ = {isa = PBXFileReference; lastKnownFileType = sourcecode.swift; path = BullseyeApp.swift; sourceTree = "<group>"; };
		BF36E244276CDC470020050F /* ContentView.swift */ = {isa = PBXFileReference; lastKnownFileType = sourcecode.swift; path = ContentView.swift; sourceTree = "<group>"; };
		BF36E246276CDC480020050F /* Assets.xcassets */ = {isa = PBXFileReference; lastKnownFileType = folder.assetcatalog; path = Assets.xcassets; sourceTree = "<group>"; };
		BF36E249276CDC480020050F /* Preview Assets.xcassets */ = {isa = PBXFileReference; lastKnownFileType = folder.assetcatalog; path = "Preview Assets.xcassets"; sourceTree = "<group>"; };
		BF59D624277DC6E00094DF04 /* Constants.swift */ = {isa = PBXFileReference; lastKnownFileType = sourcecode.swift; path = Constants.swift; sourceTree = "<group>"; };
		BF59D626277DFCC60094DF04 /* LeaderboardView.swift */ = {isa = PBXFileReference; lastKnownFileType = sourcecode.swift; path = LeaderboardView.swift; sourceTree = "<group>"; };
		BFD476EE2779A5CD0013BAB1 /* Shapes.swift */ = {isa = PBXFileReference; lastKnownFileType = sourcecode.swift; path = Shapes.swift; sourceTree = "<group>"; };
		BFD476F02779CAAC0013BAB1 /* RoundViews.swift */ = {isa = PBXFileReference; lastKnownFileType = sourcecode.swift; path = RoundViews.swift; sourceTree = "<group>"; };
		BFD476F22779D2570013BAB1 /* BackgroundViews.swift */ = {isa = PBXFileReference; lastKnownFileType = sourcecode.swift; path = BackgroundViews.swift; sourceTree = "<group>"; };
		BFDFC02427781DEC00498BBF /* TextViews.swift */ = {isa = PBXFileReference; lastKnownFileType = sourcecode.swift; path = TextViews.swift; sourceTree = "<group>"; };
/* End PBXFileReference section */

/* Begin PBXFrameworksBuildPhase section */
		BF02C4522777117A006006A2 /* Frameworks */ = {
			isa = PBXFrameworksBuildPhase;
			buildActionMask = 2147483647;
			files = (
			);
			runOnlyForDeploymentPostprocessing = 0;
		};
		BF36E23C276CDC470020050F /* Frameworks */ = {
			isa = PBXFrameworksBuildPhase;
			buildActionMask = 2147483647;
			files = (
			);
			runOnlyForDeploymentPostprocessing = 0;
		};
/* End PBXFrameworksBuildPhase section */

/* Begin PBXGroup section */
		BF02C44C277706AE006006A2 /* Models */ = {
			isa = PBXGroup;
			children = (
				BF02C44F27770738006006A2 /* Game.swift */,
				BF59D624277DC6E00094DF04 /* Constants.swift */,
			);
			path = Models;
			sourceTree = "<group>";
		};
		BF02C44D277706B7006006A2 /* Views */ = {
			isa = PBXGroup;
			children = (
				BF36E244276CDC470020050F /* ContentView.swift */,
				BFDFC02427781DEC00498BBF /* TextViews.swift */,
				BFD476EE2779A5CD0013BAB1 /* Shapes.swift */,
				BFD476F02779CAAC0013BAB1 /* RoundViews.swift */,
				BFD476F22779D2570013BAB1 /* BackgroundViews.swift */,
				BF0C999F277C7F9A002F2D07 /* PointsView.swift */,
				BF59D626277DFCC60094DF04 /* LeaderboardView.swift */,
			);
			path = Views;
			sourceTree = "<group>";
		};
		BF02C44E277706C4006006A2 /* App */ = {
			isa = PBXGroup;
			children = (
				BF36E242276CDC470020050F /* BullseyeApp.swift */,
				BF36E246276CDC480020050F /* Assets.xcassets */,
			);
			path = App;
			sourceTree = "<group>";
		};
		BF02C4562777117A006006A2 /* BullseyeTests */ = {
			isa = PBXGroup;
			children = (
				BF02C4572777117A006006A2 /* BullseyeTests.swift */,
			);
			path = BullseyeTests;
			sourceTree = "<group>";
		};
		BF36E236276CDC470020050F = {
			isa = PBXGroup;
			children = (
				BF36E241276CDC470020050F /* Bullseye */,
				BF02C4562777117A006006A2 /* BullseyeTests */,
				BF36E240276CDC470020050F /* Products */,
			);
			sourceTree = "<group>";
		};
		BF36E240276CDC470020050F /* Products */ = {
			isa = PBXGroup;
			children = (
				BF36E23F276CDC470020050F /* Bullseye.app */,
				BF02C4552777117A006006A2 /* BullseyeTests.xctest */,
			);
			name = Products;
			sourceTree = "<group>";
		};
		BF36E241276CDC470020050F /* Bullseye */ = {
			isa = PBXGroup;
			children = (
				BF02C44E277706C4006006A2 /* App */,
				BF02C44D277706B7006006A2 /* Views */,
				BF02C44C277706AE006006A2 /* Models */,
				BF36E248276CDC480020050F /* Preview Content */,
			);
			path = Bullseye;
			sourceTree = "<group>";
		};
		BF36E248276CDC480020050F /* Preview Content */ = {
			isa = PBXGroup;
			children = (
				BF36E249276CDC480020050F /* Preview Assets.xcassets */,
			);
			path = "Preview Content";
			sourceTree = "<group>";
		};
/* End PBXGroup section */

/* Begin PBXNativeTarget section */
		BF02C4542777117A006006A2 /* BullseyeTests */ = {
			isa = PBXNativeTarget;
			buildConfigurationList = BF02C45B2777117A006006A2 /* Build configuration list for PBXNativeTarget "BullseyeTests" */;
			buildPhases = (
				BF02C4512777117A006006A2 /* Sources */,
				BF02C4522777117A006006A2 /* Frameworks */,
				BF02C4532777117A006006A2 /* Resources */,
			);
			buildRules = (
			);
			dependencies = (
				BF02C45A2777117A006006A2 /* PBXTargetDependency */,
			);
			name = BullseyeTests;
			productName = BullseyeTests;
			productReference = BF02C4552777117A006006A2 /* BullseyeTests.xctest */;
			productType = "com.apple.product-type.bundle.unit-test";
		};
		BF36E23E276CDC470020050F /* Bullseye */ = {
			isa = PBXNativeTarget;
			buildConfigurationList = BF36E24D276CDC480020050F /* Build configuration list for PBXNativeTarget "Bullseye" */;
			buildPhases = (
				BF36E23B276CDC470020050F /* Sources */,
				BF36E23C276CDC470020050F /* Frameworks */,
				BF36E23D276CDC470020050F /* Resources */,
			);
			buildRules = (
			);
			dependencies = (
			);
			name = Bullseye;
			productName = Bullseye;
			productReference = BF36E23F276CDC470020050F /* Bullseye.app */;
			productType = "com.apple.product-type.application";
		};
/* End PBXNativeTarget section */

/* Begin PBXProject section */
		BF36E237276CDC470020050F /* Project object */ = {
			isa = PBXProject;
			attributes = {
				BuildIndependentTargetsInParallel = 1;
				LastSwiftUpdateCheck = 1310;
				LastUpgradeCheck = 1310;
				TargetAttributes = {
					BF02C4542777117A006006A2 = {
						CreatedOnToolsVersion = 13.1;
						TestTargetID = BF36E23E276CDC470020050F;
					};
					BF36E23E276CDC470020050F = {
						CreatedOnToolsVersion = 13.1;
					};
				};
			};
			buildConfigurationList = BF36E23A276CDC470020050F /* Build configuration list for PBXProject "Bullseye" */;
			compatibilityVersion = "Xcode 13.0";
			developmentRegion = en;
			hasScannedForEncodings = 0;
			knownRegions = (
				en,
				Base,
			);
			mainGroup = BF36E236276CDC470020050F;
			productRefGroup = BF36E240276CDC470020050F /* Products */;
			projectDirPath = "";
			projectRoot = "";
			targets = (
				BF36E23E276CDC470020050F /* Bullseye */,
				BF02C4542777117A006006A2 /* BullseyeTests */,
			);
		};
/* End PBXProject section */

/* Begin PBXResourcesBuildPhase section */
		BF02C4532777117A006006A2 /* Resources */ = {
			isa = PBXResourcesBuildPhase;
			buildActionMask = 2147483647;
			files = (
			);
			runOnlyForDeploymentPostprocessing = 0;
		};
		BF36E23D276CDC470020050F /* Resources */ = {
			isa = PBXResourcesBuildPhase;
			buildActionMask = 2147483647;
			files = (
				BF36E24A276CDC480020050F /* Preview Assets.xcassets in Resources */,
				BF36E247276CDC480020050F /* Assets.xcassets in Resources */,
			);
			runOnlyForDeploymentPostprocessing = 0;
		};
/* End PBXResourcesBuildPhase section */

/* Begin PBXSourcesBuildPhase section */
		BF02C4512777117A006006A2 /* Sources */ = {
			isa = PBXSourcesBuildPhase;
			buildActionMask = 2147483647;
			files = (
				BF02C4582777117A006006A2 /* BullseyeTests.swift in Sources */,
			);
			runOnlyForDeploymentPostprocessing = 0;
		};
		BF36E23B276CDC470020050F /* Sources */ = {
			isa = PBXSourcesBuildPhase;
			buildActionMask = 2147483647;
			files = (
				BF59D627277DFCC60094DF04 /* LeaderboardView.swift in Sources */,
				BF36E245276CDC470020050F /* ContentView.swift in Sources */,
				BFDFC02527781DEC00498BBF /* TextViews.swift in Sources */,
				BFD476EF2779A5CD0013BAB1 /* Shapes.swift in Sources */,
				BF0C99A0277C7F9A002F2D07 /* PointsView.swift in Sources */,
				BF02C45027770738006006A2 /* Game.swift in Sources */,
				BF36E243276CDC470020050F /* BullseyeApp.swift in Sources */,
				BF59D625277DC6E00094DF04 /* Constants.swift in Sources */,
				BFD476F32779D2570013BAB1 /* BackgroundViews.swift in Sources */,
				BFD476F12779CAAC0013BAB1 /* RoundViews.swift in Sources */,
			);
			runOnlyForDeploymentPostprocessing = 0;
		};
/* End PBXSourcesBuildPhase section */

/* Begin PBXTargetDependency section */
		BF02C45A2777117A006006A2 /* PBXTargetDependency */ = {
			isa = PBXTargetDependency;
			target = BF36E23E276CDC470020050F /* Bullseye */;
			targetProxy = BF02C4592777117A006006A2 /* PBXContainerItemProxy */;
		};
/* End PBXTargetDependency section */

/* Begin XCBuildConfiguration section */
		BF02C45C2777117A006006A2 /* Debug */ = {
			isa = XCBuildConfiguration;
			buildSettings = {
				BUNDLE_LOADER = "$(TEST_HOST)";
				CODE_SIGN_STYLE = Automatic;
				CURRENT_PROJECT_VERSION = 1;
				DEVELOPMENT_TEAM = 5G78Q4RCCL;
				GENERATE_INFOPLIST_FILE = YES;
				LD_RUNPATH_SEARCH_PATHS = (
					"$(inherited)",
					"@executable_path/Frameworks",
					"@loader_path/Frameworks",
				);
				MARKETING_VERSION = 1.0;
				PRODUCT_BUNDLE_IDENTIFIER = com.Vi.BullseyeTests;
				PRODUCT_NAME = "$(TARGET_NAME)";
				SWIFT_EMIT_LOC_STRINGS = NO;
				SWIFT_VERSION = 5.0;
				TARGETED_DEVICE_FAMILY = "1,2";
				TEST_HOST = "$(BUILT_PRODUCTS_DIR)/Bullseye.app/Bullseye";
			};
			name = Debug;
		};
		BF02C45D2777117A006006A2 /* Release */ = {
			isa = XCBuildConfiguration;
			buildSettings = {
				BUNDLE_LOADER = "$(TEST_HOST)";
				CODE_SIGN_STYLE = Automatic;
				CURRENT_PROJECT_VERSION = 1;
				DEVELOPMENT_TEAM = 5G78Q4RCCL;
				GENERATE_INFOPLIST_FILE = YES;
				LD_RUNPATH_SEARCH_PATHS = (
					"$(inherited)",
					"@executable_path/Frameworks",
					"@loader_path/Frameworks",
				);
				MARKETING_VERSION = 1.0;
				PRODUCT_BUNDLE_IDENTIFIER = com.Vi.BullseyeTests;
				PRODUCT_NAME = "$(TARGET_NAME)";
				SWIFT_EMIT_LOC_STRINGS = NO;
				SWIFT_VERSION = 5.0;
				TARGETED_DEVICE_FAMILY = "1,2";
				TEST_HOST = "$(BUILT_PRODUCTS_DIR)/Bullseye.app/Bullseye";
			};
			name = Release;
		};
		BF36E24B276CDC480020050F /* Debug */ = {
			isa = XCBuildConfiguration;
			buildSettings = {
				ALWAYS_SEARCH_USER_PATHS = NO;
				CLANG_ANALYZER_NONNULL = YES;
				CLANG_ANALYZER_NUMBER_OBJECT_CONVERSION = YES_AGGRESSIVE;
				CLANG_CXX_LANGUAGE_STANDARD = "gnu++17";
				CLANG_CXX_LIBRARY = "libc++";
				CLANG_ENABLE_MODULES = YES;
				CLANG_ENABLE_OBJC_ARC = YES;
				CLANG_ENABLE_OBJC_WEAK = YES;
				CLANG_WARN_BLOCK_CAPTURE_AUTORELEASING = YES;
				CLANG_WARN_BOOL_CONVERSION = YES;
				CLANG_WARN_COMMA = YES;
				CLANG_WARN_CONSTANT_CONVERSION = YES;
				CLANG_WARN_DEPRECATED_OBJC_IMPLEMENTATIONS = YES;
				CLANG_WARN_DIRECT_OBJC_ISA_USAGE = YES_ERROR;
				CLANG_WARN_DOCUMENTATION_COMMENTS = YES;
				CLANG_WARN_EMPTY_BODY = YES;
				CLANG_WARN_ENUM_CONVERSION = YES;
				CLANG_WARN_INFINITE_RECURSION = YES;
				CLANG_WARN_INT_CONVERSION = YES;
				CLANG_WARN_NON_LITERAL_NULL_CONVERSION = YES;
				CLANG_WARN_OBJC_IMPLICIT_RETAIN_SELF = YES;
				CLANG_WARN_OBJC_LITERAL_CONVERSION = YES;
				CLANG_WARN_OBJC_ROOT_CLASS = YES_ERROR;
				CLANG_WARN_QUOTED_INCLUDE_IN_FRAMEWORK_HEADER = YES;
				CLANG_WARN_RANGE_LOOP_ANALYSIS = YES;
				CLANG_WARN_STRICT_PROTOTYPES = YES;
				CLANG_WARN_SUSPICIOUS_MOVE = YES;
				CLANG_WARN_UNGUARDED_AVAILABILITY = YES_AGGRESSIVE;
				CLANG_WARN_UNREACHABLE_CODE = YES;
				CLANG_WARN__DUPLICATE_METHOD_MATCH = YES;
				COPY_PHASE_STRIP = NO;
				DEBUG_INFORMATION_FORMAT = dwarf;
				ENABLE_STRICT_OBJC_MSGSEND = YES;
				ENABLE_TESTABILITY = YES;
				GCC_C_LANGUAGE_STANDARD = gnu11;
				GCC_DYNAMIC_NO_PIC = NO;
				GCC_NO_COMMON_BLOCKS = YES;
				GCC_OPTIMIZATION_LEVEL = 0;
				GCC_PREPROCESSOR_DEFINITIONS = (
					"DEBUG=1",
					"$(inherited)",
				);
				GCC_WARN_64_TO_32_BIT_CONVERSION = YES;
				GCC_WARN_ABOUT_RETURN_TYPE = YES_ERROR;
				GCC_WARN_UNDECLARED_SELECTOR = YES;
				GCC_WARN_UNINITIALIZED_AUTOS = YES_AGGRESSIVE;
				GCC_WARN_UNUSED_FUNCTION = YES;
				GCC_WARN_UNUSED_VARIABLE = YES;
				IPHONEOS_DEPLOYMENT_TARGET = 15.0;
				MTL_ENABLE_DEBUG_INFO = INCLUDE_SOURCE;
				MTL_FAST_MATH = YES;
				ONLY_ACTIVE_ARCH = YES;
				SDKROOT = iphoneos;
				SWIFT_ACTIVE_COMPILATION_CONDITIONS = DEBUG;
				SWIFT_OPTIMIZATION_LEVEL = "-Onone";
			};
			name = Debug;
		};
		BF36E24C276CDC480020050F /* Release */ = {
			isa = XCBuildConfiguration;
			buildSettings = {
				ALWAYS_SEARCH_USER_PATHS = NO;
				CLANG_ANALYZER_NONNULL = YES;
				CLANG_ANALYZER_NUMBER_OBJECT_CONVERSION = YES_AGGRESSIVE;
				CLANG_CXX_LANGUAGE_STANDARD = "gnu++17";
				CLANG_CXX_LIBRARY = "libc++";
				CLANG_ENABLE_MODULES = YES;
				CLANG_ENABLE_OBJC_ARC = YES;
				CLANG_ENABLE_OBJC_WEAK = YES;
				CLANG_WARN_BLOCK_CAPTURE_AUTORELEASING = YES;
				CLANG_WARN_BOOL_CONVERSION = YES;
				CLANG_WARN_COMMA = YES;
				CLANG_WARN_CONSTANT_CONVERSION = YES;
				CLANG_WARN_DEPRECATED_OBJC_IMPLEMENTATIONS = YES;
				CLANG_WARN_DIRECT_OBJC_ISA_USAGE = YES_ERROR;
				CLANG_WARN_DOCUMENTATION_COMMENTS = YES;
				CLANG_WARN_EMPTY_BODY = YES;
				CLANG_WARN_ENUM_CONVERSION = YES;
				CLANG_WARN_INFINITE_RECURSION = YES;
				CLANG_WARN_INT_CONVERSION = YES;
				CLANG_WARN_NON_LITERAL_NULL_CONVERSION = YES;
				CLANG_WARN_OBJC_IMPLICIT_RETAIN_SELF = YES;
				CLANG_WARN_OBJC_LITERAL_CONVERSION = YES;
				CLANG_WARN_OBJC_ROOT_CLASS = YES_ERROR;
				CLANG_WARN_QUOTED_INCLUDE_IN_FRAMEWORK_HEADER = YES;
				CLANG_WARN_RANGE_LOOP_ANALYSIS = YES;
				CLANG_WARN_STRICT_PROTOTYPES = YES;
				CLANG_WARN_SUSPICIOUS_MOVE = YES;
				CLANG_WARN_UNGUARDED_AVAILABILITY = YES_AGGRESSIVE;
				CLANG_WARN_UNREACHABLE_CODE = YES;
				CLANG_WARN__DUPLICATE_METHOD_MATCH = YES;
				COPY_PHASE_STRIP = NO;
				DEBUG_INFORMATION_FORMAT = "dwarf-with-dsym";
				ENABLE_NS_ASSERTIONS = NO;
				ENABLE_STRICT_OBJC_MSGSEND = YES;
				GCC_C_LANGUAGE_STANDARD = gnu11;
				GCC_NO_COMMON_BLOCKS = YES;
				GCC_WARN_64_TO_32_BIT_CONVERSION = YES;
				GCC_WARN_ABOUT_RETURN_TYPE = YES_ERROR;
				GCC_WARN_UNDECLARED_SELECTOR = YES;
				GCC_WARN_UNINITIALIZED_AUTOS = YES_AGGRESSIVE;
				GCC_WARN_UNUSED_FUNCTION = YES;
				GCC_WARN_UNUSED_VARIABLE = YES;
				IPHONEOS_DEPLOYMENT_TARGET = 15.0;
				MTL_ENABLE_DEBUG_INFO = NO;
				MTL_FAST_MATH = YES;
				SDKROOT = iphoneos;
				SWIFT_COMPILATION_MODE = wholemodule;
				SWIFT_OPTIMIZATION_LEVEL = "-O";
				VALIDATE_PRODUCT = YES;
			};
			name = Release;
		};
		BF36E24E276CDC480020050F /* Debug */ = {
			isa = XCBuildConfiguration;
			buildSettings = {
				ASSETCATALOG_COMPILER_APPICON_NAME = AppIcon;
				ASSETCATALOG_COMPILER_GLOBAL_ACCENT_COLOR_NAME = AccentColor;
				CODE_SIGN_STYLE = Automatic;
				CURRENT_PROJECT_VERSION = 1;
				DEVELOPMENT_ASSET_PATHS = "\"Bullseye/Preview Content\"";
				DEVELOPMENT_TEAM = 5G78Q4RCCL;
				ENABLE_PREVIEWS = YES;
				GENERATE_INFOPLIST_FILE = YES;
				INFOPLIST_KEY_UIApplicationSceneManifest_Generation = YES;
				INFOPLIST_KEY_UIApplicationSupportsIndirectInputEvents = YES;
				INFOPLIST_KEY_UILaunchScreen_Generation = YES;
				INFOPLIST_KEY_UISupportedInterfaceOrientations_iPad = "UIInterfaceOrientationPortrait UIInterfaceOrientationPortraitUpsideDown UIInterfaceOrientationLandscapeLeft UIInterfaceOrientationLandscapeRight";
				INFOPLIST_KEY_UISupportedInterfaceOrientations_iPhone = "UIInterfaceOrientationPortrait UIInterfaceOrientationLandscapeLeft UIInterfaceOrientationLandscapeRight";
				LD_RUNPATH_SEARCH_PATHS = (
					"$(inherited)",
					"@executable_path/Frameworks",
				);
				MARKETING_VERSION = 1.0;
				PRODUCT_BUNDLE_IDENTIFIER = com.Vi.Bullseye;
				PRODUCT_NAME = "$(TARGET_NAME)";
				SWIFT_EMIT_LOC_STRINGS = YES;
				SWIFT_VERSION = 5.0;
				TARGETED_DEVICE_FAMILY = "1,2";
			};
			name = Debug;
		};
		BF36E24F276CDC480020050F /* Release */ = {
			isa = XCBuildConfiguration;
			buildSettings = {
				ASSETCATALOG_COMPILER_APPICON_NAME = AppIcon;
				ASSETCATALOG_COMPILER_GLOBAL_ACCENT_COLOR_NAME = AccentColor;
				CODE_SIGN_STYLE = Automatic;
				CURRENT_PROJECT_VERSION = 1;
				DEVELOPMENT_ASSET_PATHS = "\"Bullseye/Preview Content\"";
				DEVELOPMENT_TEAM = 5G78Q4RCCL;
				ENABLE_PREVIEWS = YES;
				GENERATE_INFOPLIST_FILE = YES;
				INFOPLIST_KEY_UIApplicationSceneManifest_Generation = YES;
				INFOPLIST_KEY_UIApplicationSupportsIndirectInputEvents = YES;
				INFOPLIST_KEY_UILaunchScreen_Generation = YES;
				INFOPLIST_KEY_UISupportedInterfaceOrientations_iPad = "UIInterfaceOrientationPortrait UIInterfaceOrientationPortraitUpsideDown UIInterfaceOrientationLandscapeLeft UIInterfaceOrientationLandscapeRight";
				INFOPLIST_KEY_UISupportedInterfaceOrientations_iPhone = "UIInterfaceOrientationPortrait UIInterfaceOrientationLandscapeLeft UIInterfaceOrientationLandscapeRight";
				LD_RUNPATH_SEARCH_PATHS = (
					"$(inherited)",
					"@executable_path/Frameworks",
				);
				MARKETING_VERSION = 1.0;
				PRODUCT_BUNDLE_IDENTIFIER = com.Vi.Bullseye;
				PRODUCT_NAME = "$(TARGET_NAME)";
				SWIFT_EMIT_LOC_STRINGS = YES;
				SWIFT_VERSION = 5.0;
				TARGETED_DEVICE_FAMILY = "1,2";
			};
			name = Release;
		};
/* End XCBuildConfiguration section */

/* Begin XCConfigurationList section */
		BF02C45B2777117A006006A2 /* Build configuration list for PBXNativeTarget "BullseyeTests" */ = {
			isa = XCConfigurationList;
			buildConfigurations = (
				BF02C45C2777117A006006A2 /* Debug */,
				BF02C45D2777117A006006A2 /* Release */,
			);
			defaultConfigurationIsVisible = 0;
			defaultConfigurationName = Release;
		};
		BF36E23A276CDC470020050F /* Build configuration list for PBXProject "Bullseye" */ = {
			isa = XCConfigurationList;
			buildConfigurations = (
				BF36E24B276CDC480020050F /* Debug */,
				BF36E24C276CDC480020050F /* Release */,
			);
			defaultConfigurationIsVisible = 0;
			defaultConfigurationName = Release;
		};
		BF36E24D276CDC480020050F /* Build configuration list for PBXNativeTarget "Bullseye" */ = {
			isa = XCConfigurationList;
			buildConfigurations = (
				BF36E24E276CDC480020050F /* Debug */,
				BF36E24F276CDC480020050F /* Release */,
			);
			defaultConfigurationIsVisible = 0;
			defaultConfigurationName = Release;
		};
/* End XCConfigurationList section */
	};
	rootObject = BF36E237276CDC470020050F /* Project object */;
}
